
Microsoft Visual Studio Solution File, Format Version 12.00
# Visual Studio Version 16
VisualStudioVersion = 16.0.32106.194
MinimumVisualStudioVersion = 10.0.40219.1
Project("{FAE04EC0-301F-11D3-BF4B-00C04F79EFBC}") = "B2ISampkeDemo", "B2ISampkeDemo\B2ISampkeDemo.csproj", "{5387096F-D056-42A8-9176-2E27B1BDAE39}"
EndProject
Global
	GlobalSection(SolutionConfigurationPlatforms) = preSolution
		Debug|Any CPU = Debug|Any CPU
		Release|Any CPU = Release|Any CPU
	EndGlobalSection
	GlobalSection(ProjectConfigurationPlatforms) = postSolution
		{5387096F-D056-42A8-9176-2E27B1BDAE39}.Debug|Any CPU.ActiveCfg = Debug|Any CPU
		{5387096F-D056-42A8-9176-2E27B1BDAE39}.Debug|Any CPU.Build.0 = Debug|Any CPU
		{5387096F-D056-42A8-9176-2E27B1BDAE39}.Release|Any CPU.ActiveCfg = Release|Any CPU
		{5387096F-D056-42A8-9176-2E27B1BDAE39}.Release|Any CPU.Build.0 = Release|Any CPU
	EndGlobalSection
	GlobalSection(SolutionProperties) = preSolution
		HideSolutionNode = FALSE
	EndGlobalSection
	GlobalSection(ExtensibilityGlobals) = postSolution
		SolutionGuid = {4E79D799-D4A7-4B5E-9BC7-879C46F62321}
	EndGlobalSection
EndGlobal
